{
	"name": "@jessevanassen/npm-sync-cross-workspace-dependencies",
	"version": "0.1.0",
	"lockfileVersion": 3,
	"requires": true,
	"packages": {
		"": {
			"name": "@jessevanassen/npm-sync-cross-workspace-dependencies",
			"version": "0.1.0",
			"bin": {
				"npm-sync-cross-workspace-dependencies": "node ./src/bin.mjs"
			}
		}
	}
}
